
Microsoft Visual Studio Solution File, Format Version 12.00
# Visual Studio 14
VisualStudioVersion = 14.0.25123.0
MinimumVisualStudioVersion = 10.0.40219.1
Project("{FAE04EC0-301F-11D3-BF4B-00C04F79EFBC}") = "Domain", "Domain\Domain.csproj", "{7C83C44C-94DD-41A0-AA32-713BD2650A11}"
EndProject
Project("{FAE04EC0-301F-11D3-BF4B-00C04F79EFBC}") = "Infrastructure", "Infrastructure\Infrastructure.csproj", "{665B00F5-CF96-4314-8A02-B2127FDE8C64}"
EndProject
Project("{FAE04EC0-301F-11D3-BF4B-00C04F79EFBC}") = "Client", "Client\Client.csproj", "{7049DD1C-D615-469A-97CC-A32F16F8341E}"
EndProject
Project("{FAE04EC0-301F-11D3-BF4B-00C04F79EFBC}") = "CqrsTests", "CqrsTests\CqrsTests.csproj", "{60A10EDC-1514-4090-86DE-AE95B331DC25}"
EndProject
Global
	GlobalSection(SolutionConfigurationPlatforms) = preSolution
		Debug|Any CPU = Debug|Any CPU
		Release|Any CPU = Release|Any CPU
	EndGlobalSection
	GlobalSection(ProjectConfigurationPlatforms) = postSolution
		{7C83C44C-94DD-41A0-AA32-713BD2650A11}.Debug|Any CPU.ActiveCfg = Debug|Any CPU
		{7C83C44C-94DD-41A0-AA32-713BD2650A11}.Debug|Any CPU.Build.0 = Debug|Any CPU
		{7C83C44C-94DD-41A0-AA32-713BD2650A11}.Release|Any CPU.ActiveCfg = Release|Any CPU
		{7C83C44C-94DD-41A0-AA32-713BD2650A11}.Release|Any CPU.Build.0 = Release|Any CPU
		{665B00F5-CF96-4314-8A02-B2127FDE8C64}.Debug|Any CPU.ActiveCfg = Debug|Any CPU
		{665B00F5-CF96-4314-8A02-B2127FDE8C64}.Debug|Any CPU.Build.0 = Debug|Any CPU
		{665B00F5-CF96-4314-8A02-B2127FDE8C64}.Release|Any CPU.ActiveCfg = Release|Any CPU
		{665B00F5-CF96-4314-8A02-B2127FDE8C64}.Release|Any CPU.Build.0 = Release|Any CPU
		{7049DD1C-D615-469A-97CC-A32F16F8341E}.Debug|Any CPU.ActiveCfg = Debug|Any CPU
		{7049DD1C-D615-469A-97CC-A32F16F8341E}.Debug|Any CPU.Build.0 = Debug|Any CPU
		{7049DD1C-D615-469A-97CC-A32F16F8341E}.Release|Any CPU.ActiveCfg = Release|Any CPU
		{7049DD1C-D615-469A-97CC-A32F16F8341E}.Release|Any CPU.Build.0 = Release|Any CPU
		{60A10EDC-1514-4090-86DE-AE95B331DC25}.Debug|Any CPU.ActiveCfg = Debug|Any CPU
		{60A10EDC-1514-4090-86DE-AE95B331DC25}.Debug|Any CPU.Build.0 = Debug|Any CPU
		{60A10EDC-1514-4090-86DE-AE95B331DC25}.Release|Any CPU.ActiveCfg = Release|Any CPU
		{60A10EDC-1514-4090-86DE-AE95B331DC25}.Release|Any CPU.Build.0 = Release|Any CPU
	EndGlobalSection
	GlobalSection(SolutionProperties) = preSolution
		HideSolutionNode = FALSE
	EndGlobalSection
EndGlobal
